# THIS IS AN AUTOGENERATED FILE. DO NOT EDIT THIS FILE DIRECTLY.
# yarn lockfile v1


"@types/node@^7.0.5":
  version "7.0.46"
  resolved "https://registry.yarnpkg.com/@types/node/-/node-7.0.46.tgz#c3dedd25558c676b3d6303e51799abb9c3f8f314"

tslib@^1.6.0:
  version "1.8.0"
  resolved "https://registry.yarnpkg.com/tslib/-/tslib-1.8.0.tgz#dc604ebad64bcbf696d613da6c954aa0e7ea1eb6"

typescript-starter@^1.2.1:
  version "1.4.1"
  resolved "https://registry.yarnpkg.com/typescript-starter/-/typescript-starter-1.4.1.tgz#5a15ebdc2dbd6286669ee986af03dfa42963b005"
  dependencies:
    tslib "^1.6.0"

typescript@^2.1.6:
  version "2.5.3"
  resolved "https://registry.yarnpkg.com/typescript/-/typescript-2.5.3.tgz#df3dcdc38f3beb800d4bc322646b04a3f6ca7f0d"
